
Microsoft Visual Studio Solution File, Format Version 12.00
# Visual Studio Version 17
VisualStudioVersion = 17.5.002.0
MinimumVisualStudioVersion = 10.0.40219.1
Project("{9A19103F-16F7-4668-BE54-9A1E7A4F7556}") = "AutoCheckUp", "AutoCheckUp.csproj", "{34A931EC-7967-4CBC-8CB7-B777D9A5FA60}"
EndProject
Global
	GlobalSection(SolutionConfigurationPlatforms) = preSolution
		Debug|Any CPU = Debug|Any CPU
		Release|Any CPU = Release|Any CPU
	EndGlobalSection
	GlobalSection(ProjectConfigurationPlatforms) = postSolution
		{34A931EC-7967-4CBC-8CB7-B777D9A5FA60}.Debug|Any CPU.ActiveCfg = Debug|Any CPU
		{34A931EC-7967-4CBC-8CB7-B777D9A5FA60}.Debug|Any CPU.Build.0 = Debug|Any CPU
		{34A931EC-7967-4CBC-8CB7-B777D9A5FA60}.Debug|Any CPU.Deploy.0 = Debug|Any CPU
		{34A931EC-7967-4CBC-8CB7-B777D9A5FA60}.Release|Any CPU.ActiveCfg = Release|Any CPU
		{34A931EC-7967-4CBC-8CB7-B777D9A5FA60}.Release|Any CPU.Build.0 = Release|Any CPU
	EndGlobalSection
	GlobalSection(SolutionProperties) = preSolution
		HideSolutionNode = FALSE
	EndGlobalSection
	GlobalSection(ExtensibilityGlobals) = postSolution
		SolutionGuid = {B37462AA-F5F6-47F9-8D23-938BFCFD1DD0}
	EndGlobalSection
EndGlobal
